
Microsoft Visual Studio Solution File, Format Version 12.00
# Visual Studio Version 16
VisualStudioVersion = 16.0.31729.503
MinimumVisualStudioVersion = 10.0.40219.1
Project("{FAE04EC0-301F-11D3-BF4B-00C04F79EFBC}") = "TelegramBot", "TelegramBot\TelegramBot.csproj", "{1CDA73E9-0460-476C-940A-0AAA19F8577B}"
EndProject
Global
	GlobalSection(SolutionConfigurationPlatforms) = preSolution
		Debug|Any CPU = Debug|Any CPU
		Release|Any CPU = Release|Any CPU
	EndGlobalSection
	GlobalSection(ProjectConfigurationPlatforms) = postSolution
		{1CDA73E9-0460-476C-940A-0AAA19F8577B}.Debug|Any CPU.ActiveCfg = Debug|Any CPU
		{1CDA73E9-0460-476C-940A-0AAA19F8577B}.Debug|Any CPU.Build.0 = Debug|Any CPU
		{1CDA73E9-0460-476C-940A-0AAA19F8577B}.Release|Any CPU.ActiveCfg = Release|Any CPU
		{1CDA73E9-0460-476C-940A-0AAA19F8577B}.Release|Any CPU.Build.0 = Release|Any CPU
	EndGlobalSection
	GlobalSection(SolutionProperties) = preSolution
		HideSolutionNode = FALSE
	EndGlobalSection
	GlobalSection(ExtensibilityGlobals) = postSolution
		SolutionGuid = {C8D791A8-D7C8-4EDC-B536-778FD2B4168B}
	EndGlobalSection
EndGlobal
